
Microsoft Visual Studio Solution File, Format Version 12.00
# Visual Studio 14
VisualStudioVersion = 14.0.23107.0
MinimumVisualStudioVersion = 10.0.40219.1
Project("{2150E333-8FDC-42A3-9474-1A3956D46DE8}") = "Documentation", "Documentation", "{7A4026A5-14B2-4239-9217-4E09C194DBF8}"
	ProjectSection(SolutionItems) = preProject
		..\notes.md = ..\notes.md
		..\README.md = ..\README.md
	EndProjectSection
EndProject
Project("{2150E333-8FDC-42A3-9474-1A3956D46DE8}") = "Tests", "Tests", "{2A78A722-6A7E-4A63-A657-5881ECCBF1FD}"
EndProject
Project("{2150E333-8FDC-42A3-9474-1A3956D46DE8}") = "Source", "Source", "{FF05D943-07DC-4423-B694-070A3F4A2893}"
EndProject
Project("{FAE04EC0-301F-11D3-BF4B-00C04F79EFBC}") = "Attributes", "Source\Attributes\Attributes.csproj", "{27E2A265-F732-41A5-975A-F7348EFD16B5}"
EndProject
Project("{2150E333-8FDC-42A3-9474-1A3956D46DE8}") = "Settings", "Settings", "{874E2796-7F73-4DDD-AEAD-BCF93517A49E}"
	ProjectSection(SolutionItems) = preProject
		Settings.StyleCop = Settings.StyleCop
	EndProjectSection
EndProject
Project("{FAE04EC0-301F-11D3-BF4B-00C04F79EFBC}") = "Attributes", "Tests\Attributes\Attributes.csproj", "{666C0501-9EE4-4C35-B0C8-FB9F93E8976B}"
EndProject
Global
	GlobalSection(SolutionConfigurationPlatforms) = preSolution
		Debug|Any CPU = Debug|Any CPU
		Release|Any CPU = Release|Any CPU
	EndGlobalSection
	GlobalSection(ProjectConfigurationPlatforms) = postSolution
		{27E2A265-F732-41A5-975A-F7348EFD16B5}.Debug|Any CPU.ActiveCfg = Debug|Any CPU
		{27E2A265-F732-41A5-975A-F7348EFD16B5}.Debug|Any CPU.Build.0 = Debug|Any CPU
		{27E2A265-F732-41A5-975A-F7348EFD16B5}.Release|Any CPU.ActiveCfg = Release|Any CPU
		{27E2A265-F732-41A5-975A-F7348EFD16B5}.Release|Any CPU.Build.0 = Release|Any CPU
		{666C0501-9EE4-4C35-B0C8-FB9F93E8976B}.Debug|Any CPU.ActiveCfg = Debug|Any CPU
		{666C0501-9EE4-4C35-B0C8-FB9F93E8976B}.Debug|Any CPU.Build.0 = Debug|Any CPU
		{666C0501-9EE4-4C35-B0C8-FB9F93E8976B}.Release|Any CPU.ActiveCfg = Release|Any CPU
		{666C0501-9EE4-4C35-B0C8-FB9F93E8976B}.Release|Any CPU.Build.0 = Release|Any CPU
	EndGlobalSection
	GlobalSection(SolutionProperties) = preSolution
		HideSolutionNode = FALSE
	EndGlobalSection
	GlobalSection(NestedProjects) = preSolution
		{27E2A265-F732-41A5-975A-F7348EFD16B5} = {FF05D943-07DC-4423-B694-070A3F4A2893}
		{666C0501-9EE4-4C35-B0C8-FB9F93E8976B} = {2A78A722-6A7E-4A63-A657-5881ECCBF1FD}
	EndGlobalSection
EndGlobal
