
Microsoft Visual Studio Solution File, Format Version 12.00
# Visual Studio 14
VisualStudioVersion = 14.0.23107.0
MinimumVisualStudioVersion = 10.0.40219.1
Project("{2150E333-8FDC-42A3-9474-1A3956D46DE8}") = "Documentation", "Documentation", "{7A4026A5-14B2-4239-9217-4E09C194DBF8}"
	ProjectSection(SolutionItems) = preProject
		..\notes.md = ..\notes.md
		..\README.md = ..\README.md
	EndProjectSection
EndProject
Project("{2150E333-8FDC-42A3-9474-1A3956D46DE8}") = "Tests", "Tests", "{2A78A722-6A7E-4A63-A657-5881ECCBF1FD}"
EndProject
Project("{2150E333-8FDC-42A3-9474-1A3956D46DE8}") = "Source", "Source", "{FF05D943-07DC-4423-B694-070A3F4A2893}"
EndProject
Project("{FAE04EC0-301F-11D3-BF4B-00C04F79EFBC}") = "Attributes", "Source\Attributes\Attributes.csproj", "{27E2A265-F732-41A5-975A-F7348EFD16B5}"
EndProject
Project("{2150E333-8FDC-42A3-9474-1A3956D46DE8}") = "Settings", "Settings", "{874E2796-7F73-4DDD-AEAD-BCF93517A49E}"
	ProjectSection(SolutionItems) = preProject
		Settings.StyleCop = Settings.StyleCop
	EndProjectSection
EndProject
Project("{FAE04EC0-301F-11D3-BF4B-00C04F79EFBC}") = "Attributes", "Tests\Attributes\Attributes.csproj", "{666C0501-9EE4-4C35-B0C8-FB9F93E8976B}"
EndProject
Project("{FAE04EC0-301F-11D3-BF4B-00C04F79EFBC}") = "Inspection", "Source\Inspection\Inspection.csproj", "{57A3EBD0-DAB8-4A91-9DB2-8A8ED3CB4CF7}"
EndProject
Project("{FAE04EC0-301F-11D3-BF4B-00C04F79EFBC}") = "Inspection", "Tests\Inspection\Inspection.csproj", "{C5CE4FF0-EED1-42C5-86BE-7376121A1A7C}"
EndProject
Project("{FAE04EC0-301F-11D3-BF4B-00C04F79EFBC}") = "InspectionDemo", "Tests\InspectionDemo\InspectionDemo.csproj", "{CDF34769-005F-452D-8C40-0145A7172F7C}"
EndProject
Project("{FAE04EC0-301F-11D3-BF4B-00C04F79EFBC}") = "Engine", "Source\Engine\Engine.csproj", "{0330FE1B-3716-4F20-AE0C-C15FAB1213B4}"
EndProject
Project("{FAE04EC0-301F-11D3-BF4B-00C04F79EFBC}") = "Engine", "Tests\Engine\Engine.csproj", "{168C62DC-E696-4BBE-ACF2-2CD74556E9A7}"
EndProject
Project("{FAE04EC0-301F-11D3-BF4B-00C04F79EFBC}") = "CommonStubs", "Tests\CommonStubs\CommonStubs.csproj", "{68088263-8C11-46B7-A57F-B44AEEAB91D5}"
EndProject
Project("{FAE04EC0-301F-11D3-BF4B-00C04F79EFBC}") = "InspectionDemoSigned", "Tests\InspectionDemoSigned\InspectionDemoSigned.csproj", "{825DA0C8-8DF7-432C-9E84-56CBFA1F8755}"
EndProject
Project("{FAE04EC0-301F-11D3-BF4B-00C04F79EFBC}") = "ReadFile", "Tests\ReadFile\ReadFile.csproj", "{C8C619A6-0801-4011-89CF-F2323D0301E8}"
EndProject
Project("{FAE04EC0-301F-11D3-BF4B-00C04F79EFBC}") = "FileProxies", "Tests\FileProxies\FileProxies.csproj", "{BE5571D9-1F96-4FD2-A32E-8B679A11FCEE}"
EndProject
Project("{FAE04EC0-301F-11D3-BF4B-00C04F79EFBC}") = "NetProxies", "Tests\NetProxies\NetProxies.csproj", "{9F5F2360-0034-4080-A08D-00E2F949FE51}"
EndProject
Project("{2150E333-8FDC-42A3-9474-1A3956D46DE8}") = "Read file", "Read file", "{C13DD4AB-C639-4D29-B276-DBF69079B07B}"
EndProject
Project("{2150E333-8FDC-42A3-9474-1A3956D46DE8}") = "Download page", "Download page", "{85EBC6AE-F40D-4ABF-8827-F31C5D00FD41}"
EndProject
Project("{2150E333-8FDC-42A3-9474-1A3956D46DE8}") = "Demos", "Demos", "{494B817A-FE54-4AC1-B406-7AF3144AF065}"
EndProject
Project("{FAE04EC0-301F-11D3-BF4B-00C04F79EFBC}") = "DownloadString", "Tests\DownloadString\DownloadString.csproj", "{10F6D421-E9E6-4372-9254-D674682F3924}"
EndProject
Project("{FAE04EC0-301F-11D3-BF4B-00C04F79EFBC}") = "NonStaticProxy", "Tests\NonStaticProxy\NonStaticProxy.csproj", "{EC21657A-0711-41D1-97DF-E292045C5A84}"
EndProject
Project("{FAE04EC0-301F-11D3-BF4B-00C04F79EFBC}") = "BuildTask", "Source\BuildTask\BuildTask.csproj", "{E1C50D00-7611-42CA-9A95-F09D999C9F92}"
EndProject
Project("{FAE04EC0-301F-11D3-BF4B-00C04F79EFBC}") = "BuildTask", "Tests\BuildTask\BuildTask.csproj", "{BD6C11A9-84B0-4237-856C-1326FE0883B2}"
	ProjectSection(ProjectDependencies) = postProject
		{E1C50D00-7611-42CA-9A95-F09D999C9F92} = {E1C50D00-7611-42CA-9A95-F09D999C9F92}
	EndProjectSection
EndProject
Project("{FAE04EC0-301F-11D3-BF4B-00C04F79EFBC}") = "BuildTaskLibrary", "Tests\BuildTaskLibrary\BuildTaskLibrary.csproj", "{18025A20-1F15-49E1-A4A2-1FDE53A46751}"
EndProject
Project("{FAE04EC0-301F-11D3-BF4B-00C04F79EFBC}") = "BuildTaskProxies", "Tests\BuildTaskProxies\BuildTaskProxies.csproj", "{88C8B12B-5DCB-41DE-83FA-259059FD283C}"
EndProject
Project("{FAE04EC0-301F-11D3-BF4B-00C04F79EFBC}") = "BuildTaskExchanger", "Tests\BuildTaskExchanger\BuildTaskExchanger.csproj", "{6172E54B-C378-425E-825B-DCCE2779AB93}"
EndProject
Global
	GlobalSection(SolutionConfigurationPlatforms) = preSolution
		Debug|Any CPU = Debug|Any CPU
		Release|Any CPU = Release|Any CPU
	EndGlobalSection
	GlobalSection(ProjectConfigurationPlatforms) = postSolution
		{27E2A265-F732-41A5-975A-F7348EFD16B5}.Debug|Any CPU.ActiveCfg = Debug|Any CPU
		{27E2A265-F732-41A5-975A-F7348EFD16B5}.Debug|Any CPU.Build.0 = Debug|Any CPU
		{27E2A265-F732-41A5-975A-F7348EFD16B5}.Release|Any CPU.ActiveCfg = Release|Any CPU
		{27E2A265-F732-41A5-975A-F7348EFD16B5}.Release|Any CPU.Build.0 = Release|Any CPU
		{666C0501-9EE4-4C35-B0C8-FB9F93E8976B}.Debug|Any CPU.ActiveCfg = Debug|Any CPU
		{666C0501-9EE4-4C35-B0C8-FB9F93E8976B}.Debug|Any CPU.Build.0 = Debug|Any CPU
		{666C0501-9EE4-4C35-B0C8-FB9F93E8976B}.Release|Any CPU.ActiveCfg = Release|Any CPU
		{666C0501-9EE4-4C35-B0C8-FB9F93E8976B}.Release|Any CPU.Build.0 = Release|Any CPU
		{57A3EBD0-DAB8-4A91-9DB2-8A8ED3CB4CF7}.Debug|Any CPU.ActiveCfg = Debug|Any CPU
		{57A3EBD0-DAB8-4A91-9DB2-8A8ED3CB4CF7}.Debug|Any CPU.Build.0 = Debug|Any CPU
		{57A3EBD0-DAB8-4A91-9DB2-8A8ED3CB4CF7}.Release|Any CPU.ActiveCfg = Release|Any CPU
		{57A3EBD0-DAB8-4A91-9DB2-8A8ED3CB4CF7}.Release|Any CPU.Build.0 = Release|Any CPU
		{C5CE4FF0-EED1-42C5-86BE-7376121A1A7C}.Debug|Any CPU.ActiveCfg = Debug|Any CPU
		{C5CE4FF0-EED1-42C5-86BE-7376121A1A7C}.Debug|Any CPU.Build.0 = Debug|Any CPU
		{C5CE4FF0-EED1-42C5-86BE-7376121A1A7C}.Release|Any CPU.ActiveCfg = Release|Any CPU
		{C5CE4FF0-EED1-42C5-86BE-7376121A1A7C}.Release|Any CPU.Build.0 = Release|Any CPU
		{CDF34769-005F-452D-8C40-0145A7172F7C}.Debug|Any CPU.ActiveCfg = Debug|Any CPU
		{CDF34769-005F-452D-8C40-0145A7172F7C}.Debug|Any CPU.Build.0 = Debug|Any CPU
		{CDF34769-005F-452D-8C40-0145A7172F7C}.Release|Any CPU.ActiveCfg = Release|Any CPU
		{CDF34769-005F-452D-8C40-0145A7172F7C}.Release|Any CPU.Build.0 = Release|Any CPU
		{0330FE1B-3716-4F20-AE0C-C15FAB1213B4}.Debug|Any CPU.ActiveCfg = Debug|Any CPU
		{0330FE1B-3716-4F20-AE0C-C15FAB1213B4}.Debug|Any CPU.Build.0 = Debug|Any CPU
		{0330FE1B-3716-4F20-AE0C-C15FAB1213B4}.Release|Any CPU.ActiveCfg = Release|Any CPU
		{0330FE1B-3716-4F20-AE0C-C15FAB1213B4}.Release|Any CPU.Build.0 = Release|Any CPU
		{168C62DC-E696-4BBE-ACF2-2CD74556E9A7}.Debug|Any CPU.ActiveCfg = Debug|Any CPU
		{168C62DC-E696-4BBE-ACF2-2CD74556E9A7}.Debug|Any CPU.Build.0 = Debug|Any CPU
		{168C62DC-E696-4BBE-ACF2-2CD74556E9A7}.Release|Any CPU.ActiveCfg = Release|Any CPU
		{168C62DC-E696-4BBE-ACF2-2CD74556E9A7}.Release|Any CPU.Build.0 = Release|Any CPU
		{68088263-8C11-46B7-A57F-B44AEEAB91D5}.Debug|Any CPU.ActiveCfg = Debug|Any CPU
		{68088263-8C11-46B7-A57F-B44AEEAB91D5}.Debug|Any CPU.Build.0 = Debug|Any CPU
		{68088263-8C11-46B7-A57F-B44AEEAB91D5}.Release|Any CPU.ActiveCfg = Release|Any CPU
		{68088263-8C11-46B7-A57F-B44AEEAB91D5}.Release|Any CPU.Build.0 = Release|Any CPU
		{825DA0C8-8DF7-432C-9E84-56CBFA1F8755}.Debug|Any CPU.ActiveCfg = Debug|Any CPU
		{825DA0C8-8DF7-432C-9E84-56CBFA1F8755}.Debug|Any CPU.Build.0 = Debug|Any CPU
		{825DA0C8-8DF7-432C-9E84-56CBFA1F8755}.Release|Any CPU.ActiveCfg = Release|Any CPU
		{825DA0C8-8DF7-432C-9E84-56CBFA1F8755}.Release|Any CPU.Build.0 = Release|Any CPU
		{C8C619A6-0801-4011-89CF-F2323D0301E8}.Debug|Any CPU.ActiveCfg = Debug|Any CPU
		{C8C619A6-0801-4011-89CF-F2323D0301E8}.Debug|Any CPU.Build.0 = Debug|Any CPU
		{C8C619A6-0801-4011-89CF-F2323D0301E8}.Release|Any CPU.ActiveCfg = Release|Any CPU
		{C8C619A6-0801-4011-89CF-F2323D0301E8}.Release|Any CPU.Build.0 = Release|Any CPU
		{BE5571D9-1F96-4FD2-A32E-8B679A11FCEE}.Debug|Any CPU.ActiveCfg = Debug|Any CPU
		{BE5571D9-1F96-4FD2-A32E-8B679A11FCEE}.Debug|Any CPU.Build.0 = Debug|Any CPU
		{BE5571D9-1F96-4FD2-A32E-8B679A11FCEE}.Release|Any CPU.ActiveCfg = Release|Any CPU
		{BE5571D9-1F96-4FD2-A32E-8B679A11FCEE}.Release|Any CPU.Build.0 = Release|Any CPU
		{9F5F2360-0034-4080-A08D-00E2F949FE51}.Debug|Any CPU.ActiveCfg = Debug|Any CPU
		{9F5F2360-0034-4080-A08D-00E2F949FE51}.Debug|Any CPU.Build.0 = Debug|Any CPU
		{9F5F2360-0034-4080-A08D-00E2F949FE51}.Release|Any CPU.ActiveCfg = Release|Any CPU
		{9F5F2360-0034-4080-A08D-00E2F949FE51}.Release|Any CPU.Build.0 = Release|Any CPU
		{10F6D421-E9E6-4372-9254-D674682F3924}.Debug|Any CPU.ActiveCfg = Debug|Any CPU
		{10F6D421-E9E6-4372-9254-D674682F3924}.Debug|Any CPU.Build.0 = Debug|Any CPU
		{10F6D421-E9E6-4372-9254-D674682F3924}.Release|Any CPU.ActiveCfg = Release|Any CPU
		{10F6D421-E9E6-4372-9254-D674682F3924}.Release|Any CPU.Build.0 = Release|Any CPU
		{EC21657A-0711-41D1-97DF-E292045C5A84}.Debug|Any CPU.ActiveCfg = Debug|Any CPU
		{EC21657A-0711-41D1-97DF-E292045C5A84}.Debug|Any CPU.Build.0 = Debug|Any CPU
		{EC21657A-0711-41D1-97DF-E292045C5A84}.Release|Any CPU.ActiveCfg = Release|Any CPU
		{EC21657A-0711-41D1-97DF-E292045C5A84}.Release|Any CPU.Build.0 = Release|Any CPU
		{E1C50D00-7611-42CA-9A95-F09D999C9F92}.Debug|Any CPU.ActiveCfg = Debug|Any CPU
		{E1C50D00-7611-42CA-9A95-F09D999C9F92}.Debug|Any CPU.Build.0 = Debug|Any CPU
		{E1C50D00-7611-42CA-9A95-F09D999C9F92}.Release|Any CPU.ActiveCfg = Release|Any CPU
		{E1C50D00-7611-42CA-9A95-F09D999C9F92}.Release|Any CPU.Build.0 = Release|Any CPU
		{BD6C11A9-84B0-4237-856C-1326FE0883B2}.Debug|Any CPU.ActiveCfg = Debug|Any CPU
		{BD6C11A9-84B0-4237-856C-1326FE0883B2}.Debug|Any CPU.Build.0 = Debug|Any CPU
		{BD6C11A9-84B0-4237-856C-1326FE0883B2}.Release|Any CPU.ActiveCfg = Release|Any CPU
		{BD6C11A9-84B0-4237-856C-1326FE0883B2}.Release|Any CPU.Build.0 = Release|Any CPU
		{18025A20-1F15-49E1-A4A2-1FDE53A46751}.Debug|Any CPU.ActiveCfg = Debug|Any CPU
		{18025A20-1F15-49E1-A4A2-1FDE53A46751}.Debug|Any CPU.Build.0 = Debug|Any CPU
		{18025A20-1F15-49E1-A4A2-1FDE53A46751}.Release|Any CPU.ActiveCfg = Release|Any CPU
		{18025A20-1F15-49E1-A4A2-1FDE53A46751}.Release|Any CPU.Build.0 = Release|Any CPU
		{88C8B12B-5DCB-41DE-83FA-259059FD283C}.Debug|Any CPU.ActiveCfg = Debug|Any CPU
		{88C8B12B-5DCB-41DE-83FA-259059FD283C}.Debug|Any CPU.Build.0 = Debug|Any CPU
		{88C8B12B-5DCB-41DE-83FA-259059FD283C}.Release|Any CPU.ActiveCfg = Release|Any CPU
		{88C8B12B-5DCB-41DE-83FA-259059FD283C}.Release|Any CPU.Build.0 = Release|Any CPU
		{6172E54B-C378-425E-825B-DCCE2779AB93}.Debug|Any CPU.ActiveCfg = Debug|Any CPU
		{6172E54B-C378-425E-825B-DCCE2779AB93}.Debug|Any CPU.Build.0 = Debug|Any CPU
		{6172E54B-C378-425E-825B-DCCE2779AB93}.Release|Any CPU.ActiveCfg = Release|Any CPU
		{6172E54B-C378-425E-825B-DCCE2779AB93}.Release|Any CPU.Build.0 = Release|Any CPU
	EndGlobalSection
	GlobalSection(SolutionProperties) = preSolution
		HideSolutionNode = FALSE
	EndGlobalSection
	GlobalSection(NestedProjects) = preSolution
		{27E2A265-F732-41A5-975A-F7348EFD16B5} = {FF05D943-07DC-4423-B694-070A3F4A2893}
		{666C0501-9EE4-4C35-B0C8-FB9F93E8976B} = {2A78A722-6A7E-4A63-A657-5881ECCBF1FD}
		{57A3EBD0-DAB8-4A91-9DB2-8A8ED3CB4CF7} = {FF05D943-07DC-4423-B694-070A3F4A2893}
		{C5CE4FF0-EED1-42C5-86BE-7376121A1A7C} = {2A78A722-6A7E-4A63-A657-5881ECCBF1FD}
		{CDF34769-005F-452D-8C40-0145A7172F7C} = {2A78A722-6A7E-4A63-A657-5881ECCBF1FD}
		{0330FE1B-3716-4F20-AE0C-C15FAB1213B4} = {FF05D943-07DC-4423-B694-070A3F4A2893}
		{168C62DC-E696-4BBE-ACF2-2CD74556E9A7} = {2A78A722-6A7E-4A63-A657-5881ECCBF1FD}
		{68088263-8C11-46B7-A57F-B44AEEAB91D5} = {2A78A722-6A7E-4A63-A657-5881ECCBF1FD}
		{825DA0C8-8DF7-432C-9E84-56CBFA1F8755} = {2A78A722-6A7E-4A63-A657-5881ECCBF1FD}
		{C8C619A6-0801-4011-89CF-F2323D0301E8} = {C13DD4AB-C639-4D29-B276-DBF69079B07B}
		{BE5571D9-1F96-4FD2-A32E-8B679A11FCEE} = {C13DD4AB-C639-4D29-B276-DBF69079B07B}
		{9F5F2360-0034-4080-A08D-00E2F949FE51} = {85EBC6AE-F40D-4ABF-8827-F31C5D00FD41}
		{C13DD4AB-C639-4D29-B276-DBF69079B07B} = {494B817A-FE54-4AC1-B406-7AF3144AF065}
		{85EBC6AE-F40D-4ABF-8827-F31C5D00FD41} = {494B817A-FE54-4AC1-B406-7AF3144AF065}
		{494B817A-FE54-4AC1-B406-7AF3144AF065} = {2A78A722-6A7E-4A63-A657-5881ECCBF1FD}
		{10F6D421-E9E6-4372-9254-D674682F3924} = {85EBC6AE-F40D-4ABF-8827-F31C5D00FD41}
		{EC21657A-0711-41D1-97DF-E292045C5A84} = {2A78A722-6A7E-4A63-A657-5881ECCBF1FD}
		{E1C50D00-7611-42CA-9A95-F09D999C9F92} = {FF05D943-07DC-4423-B694-070A3F4A2893}
		{BD6C11A9-84B0-4237-856C-1326FE0883B2} = {2A78A722-6A7E-4A63-A657-5881ECCBF1FD}
		{18025A20-1F15-49E1-A4A2-1FDE53A46751} = {2A78A722-6A7E-4A63-A657-5881ECCBF1FD}
		{88C8B12B-5DCB-41DE-83FA-259059FD283C} = {2A78A722-6A7E-4A63-A657-5881ECCBF1FD}
		{6172E54B-C378-425E-825B-DCCE2779AB93} = {2A78A722-6A7E-4A63-A657-5881ECCBF1FD}
	EndGlobalSection
EndGlobal
